// !$*UTF8*$!
{
	archiveVersion = 1;
	classes = {
	};
	objectVersion = 46;
	objects = {

/* Begin PBXBuildFile section */
		E6151FF91B325B410085A992 /* HMAWebViewController.swift in Sources */ = {isa = PBXBuildFile; fileRef = E6151FF81B325B410085A992 /* HMAWebViewController.swift */; };
		E626250C1AF9A53300F7F722 /* HMAConstant.swift in Sources */ = {isa = PBXBuildFile; fileRef = E626250B1AF9A53300F7F722 /* HMAConstant.swift */; };
		E62A6C331AF0352100275377 /* AppDelegate.swift in Sources */ = {isa = PBXBuildFile; fileRef = E62A6C291AF0352100275377 /* AppDelegate.swift */; };
		E62A6C371AF0352100275377 /* HMAViewController.swift in Sources */ = {isa = PBXBuildFile; fileRef = E62A6C321AF0352100275377 /* HMAViewController.swift */; };
		E62A6C3A1AF0356400275377 /* LaunchScreen.xib in Resources */ = {isa = PBXBuildFile; fileRef = E62A6C381AF0356400275377 /* LaunchScreen.xib */; };
		E62A6C3B1AF0356400275377 /* Main.storyboard in Resources */ = {isa = PBXBuildFile; fileRef = E62A6C391AF0356400275377 /* Main.storyboard */; };
		E62A6C9E1AF0378C00275377 /* HyperMediaAD.entitlements in Resources */ = {isa = PBXBuildFile; fileRef = E62A6C9D1AF0378C00275377 /* HyperMediaAD.entitlements */; };
		E62A6CA31AF0382F00275377 /* Images.xcassets in Resources */ = {isa = PBXBuildFile; fileRef = E62A6CA21AF0382F00275377 /* Images.xcassets */; };
		E62B9D8B1B054E860086EEC2 /* NSMutableURLRequest+HTTPBody.swift in Sources */ = {isa = PBXBuildFile; fileRef = E62B9D8A1B054E860086EEC2 /* NSMutableURLRequest+HTTPBody.swift */; };
		E62B9D8E1B055B680086EEC2 /* HMAModel.xcdatamodeld in Sources */ = {isa = PBXBuildFile; fileRef = E62B9D8C1B055B680086EEC2 /* HMAModel.xcdatamodeld */; };
		E62B9D941B055F050086EEC2 /* CoreData.framework in Frameworks */ = {isa = PBXBuildFile; fileRef = E62B9D931B055F050086EEC2 /* CoreData.framework */; };
		E62B9D9A1B0561E60086EEC2 /* HMACoreDataManager.swift in Sources */ = {isa = PBXBuildFile; fileRef = E62B9D991B0561E60086EEC2 /* HMACoreDataManager.swift */; };
		E63E417B1B2A364200B3C4F4 /* HMAClusterMarker.swift in Sources */ = {isa = PBXBuildFile; fileRef = E63E417A1B2A364200B3C4F4 /* HMAClusterMarker.swift */; };
		E6466BEC1AEB0358001127E0 /* HealthKit.framework in Frameworks */ = {isa = PBXBuildFile; fileRef = E6466BEA1AEB034A001127E0 /* HealthKit.framework */; };
		E65525541AEAD02E0011786A /* HyperMediaADTests.swift in Sources */ = {isa = PBXBuildFile; fileRef = E65525531AEAD02E0011786A /* HyperMediaADTests.swift */; };
		E656420E1B27CB0200F955BC /* HMAConstant-Private.swift in Sources */ = {isa = PBXBuildFile; fileRef = E656420D1B27CB0200F955BC /* HMAConstant-Private.swift */; };
		E65642111B27D10200F955BC /* main.swift in Sources */ = {isa = PBXBuildFile; fileRef = E65642101B27D10200F955BC /* main.swift */; };
		E65642141B27D22F00F955BC /* HMADestination.swift in Sources */ = {isa = PBXBuildFile; fileRef = E65642131B27D22F00F955BC /* HMADestination.swift */; };
		E65642161B27D27100F955BC /* HMASearchBoxView.swift in Sources */ = {isa = PBXBuildFile; fileRef = E65642151B27D27100F955BC /* HMASearchBoxView.swift */; };
		E65642181B27D32C00F955BC /* HMAGoogleMapOperationQueue.swift in Sources */ = {isa = PBXBuildFile; fileRef = E65642171B27D32C00F955BC /* HMAGoogleMapOperationQueue.swift */; };
		E656421A1B27D4AD00F955BC /* HMASearchResultView.swift in Sources */ = {isa = PBXBuildFile; fileRef = E65642191B27D4AD00F955BC /* HMASearchResultView.swift */; };
		E656421C1B27D50400F955BC /* HMAWaypointMarker.swift in Sources */ = {isa = PBXBuildFile; fileRef = E656421B1B27D50400F955BC /* HMAWaypointMarker.swift */; };
		E656421E1B27D53400F955BC /* HMADestinationMarker.swift in Sources */ = {isa = PBXBuildFile; fileRef = E656421D1B27D53400F955BC /* HMADestinationMarker.swift */; };
		E65642291B27D68D00F955BC /* HMAHorizontalTableView.swift in Sources */ = {isa = PBXBuildFile; fileRef = E65642231B27D68D00F955BC /* HMAHorizontalTableView.swift */; };
		E656422A1B27D68D00F955BC /* HMAHorizontalTableViewCell.swift in Sources */ = {isa = PBXBuildFile; fileRef = E65642241B27D68D00F955BC /* HMAHorizontalTableViewCell.swift */; };
		E656422B1B27D68D00F955BC /* HMAHorizontalTableViewData.swift in Sources */ = {isa = PBXBuildFile; fileRef = E65642251B27D68D00F955BC /* HMAHorizontalTableViewData.swift */; };
		E656422D1B27D6FA00F955BC /* NSDate+Ago.swift in Sources */ = {isa = PBXBuildFile; fileRef = E656422C1B27D6FA00F955BC /* NSDate+Ago.swift */; };
		E656422F1B27D7EA00F955BC /* HMACrimeMarker.swift in Sources */ = {isa = PBXBuildFile; fileRef = E656422E1B27D7EA00F955BC /* HMACrimeMarker.swift */; };
		E65642321B27DAA800F955BC /* HMASearchBoxView.xib in Resources */ = {isa = PBXBuildFile; fileRef = E65642301B27DAA800F955BC /* HMASearchBoxView.xib */; };
		E65642331B27DAA800F955BC /* HMASearchResultView.xib in Resources */ = {isa = PBXBuildFile; fileRef = E65642311B27DAA800F955BC /* HMASearchResultView.xib */; };
		E65642361B27DB2700F955BC /* HMAHorizontalTableView.xib in Resources */ = {isa = PBXBuildFile; fileRef = E65642341B27DB2700F955BC /* HMAHorizontalTableView.xib */; };
		E65642371B27DB2700F955BC /* HMAHorizontalTableViewCell.xib in Resources */ = {isa = PBXBuildFile; fileRef = E65642351B27DB2700F955BC /* HMAHorizontalTableViewCell.xib */; };
		E6678FD11AF9DC2400B59B64 /* CoreLocation.framework in Frameworks */ = {isa = PBXBuildFile; fileRef = E6678FD01AF9DC2400B59B64 /* CoreLocation.framework */; };
		E66B098D1B2FA78E00971339 /* UIImage+HMAHeatMap.swift in Sources */ = {isa = PBXBuildFile; fileRef = E66B098C1B2FA78E00971339 /* UIImage+HMAHeatMap.swift */; };
		E66B09901B2FA88500971339 /* HMAHeatMap.m in Sources */ = {isa = PBXBuildFile; fileRef = E66B098F1B2FA88500971339 /* HMAHeatMap.m */; };
		E66D2C621AEAD27D002F8D48 /* Gimbal.framework in Frameworks */ = {isa = PBXBuildFile; fileRef = E66D2C611AEAD27D002F8D48 /* Gimbal.framework */; };
		E677842E1B3B7E6C00421603 /* HMAWheelOperationQueue.swift in Sources */ = {isa = PBXBuildFile; fileRef = E677842D1B3B7E6C00421603 /* HMAWheelOperationQueue.swift */; };
		E67784301B3B8EEC00421603 /* HMASensorEvaluation.swift in Sources */ = {isa = PBXBuildFile; fileRef = E677842F1B3B8EEC00421603 /* HMASensorEvaluation.swift */; };
		E68446FF1B0AABF10094DC04 /* HMAMapView.swift in Sources */ = {isa = PBXBuildFile; fileRef = E68446FE1B0AABF10094DC04 /* HMAMapView.swift */; };
		E68E31121B30F14900B820C0 /* HMAYelpCategory.swift in Sources */ = {isa = PBXBuildFile; fileRef = E68E31111B30F14900B820C0 /* HMAYelpCategory.swift */; };
		E68E31151B30F2CA00B820C0 /* yelp_categories.json in Resources */ = {isa = PBXBuildFile; fileRef = E68E31141B30F2CA00B820C0 /* yelp_categories.json */; };
		E68E31171B3108E200B820C0 /* HMAYelpData.swift in Sources */ = {isa = PBXBuildFile; fileRef = E68E31161B3108E200B820C0 /* HMAYelpData.swift */; };
		E68E31191B310CBE00B820C0 /* HMAYelpMaker.swift in Sources */ = {isa = PBXBuildFile; fileRef = E68E31181B310CBE00B820C0 /* HMAYelpMaker.swift */; };
		E6DA444E1B28FC2300B0B75B /* HMASensorOperationQueue.swift in Sources */ = {isa = PBXBuildFile; fileRef = E6DA444D1B28FC2300B0B75B /* HMASensorOperationQueue.swift */; };
		E6DA44501B290C3700B0B75B /* HMASensorMarker.swift in Sources */ = {isa = PBXBuildFile; fileRef = E6DA444F1B290C3700B0B75B /* HMASensorMarker.swift */; };
		E6DB7C3D1B1197420055DF6C /* HMASensorData.swift in Sources */ = {isa = PBXBuildFile; fileRef = E6DB7C3C1B1197420055DF6C /* HMASensorData.swift */; };
		E6DB7C401B11974E0055DF6C /* HMAWheelData.swift in Sources */ = {isa = PBXBuildFile; fileRef = E6DB7C3F1B11974E0055DF6C /* HMAWheelData.swift */; };
		E6DB7C4B1B1197F60055DF6C /* HMAGoogleMapClient.swift in Sources */ = {isa = PBXBuildFile; fileRef = E6DB7C4A1B1197F60055DF6C /* HMAGoogleMapClient.swift */; };
		E6DB7C4D1B1198050055DF6C /* HMAYelpClient.swift in Sources */ = {isa = PBXBuildFile; fileRef = E6DB7C4C1B1198050055DF6C /* HMAYelpClient.swift */; };
		E6DB7C4F1B1198100055DF6C /* HMAWheelClient.swift in Sources */ = {isa = PBXBuildFile; fileRef = E6DB7C4E1B1198100055DF6C /* HMAWheelClient.swift */; };
		E6DB7C511B1198180055DF6C /* HMASensorClient.swift in Sources */ = {isa = PBXBuildFile; fileRef = E6DB7C501B1198180055DF6C /* HMASensorClient.swift */; };
		E6DB7C551B119F4E0055DF6C /* HMACrimeData.swift in Sources */ = {isa = PBXBuildFile; fileRef = E6DB7C541B119F4E0055DF6C /* HMACrimeData.swift */; };
		E6DB7C581B11A4DC0055DF6C /* HMACrimeClient.swift in Sources */ = {isa = PBXBuildFile; fileRef = E6DB7C571B11A4DC0055DF6C /* HMACrimeClient.swift */; };
		E6DB7C5A1B11A5260055DF6C /* HMAMapMath.swift in Sources */ = {isa = PBXBuildFile; fileRef = E6DB7C591B11A5260055DF6C /* HMAMapMath.swift */; };
		E6EC437A1B0404D70098FF9A /* SwiftyJSON.swift in Sources */ = {isa = PBXBuildFile; fileRef = E6EC43791B0404D70098FF9A /* SwiftyJSON.swift */; };
		E6EC437E1B0404F30098FF9A /* NSURL+Queries.swift in Sources */ = {isa = PBXBuildFile; fileRef = E6EC437C1B0404F30098FF9A /* NSURL+Queries.swift */; };
		E6ED26D31B1D18B60076B9F4 /* HMACrimeOperationQueue.swift in Sources */ = {isa = PBXBuildFile; fileRef = E6ED26D21B1D18B60076B9F4 /* HMACrimeOperationQueue.swift */; };
		E6EEB37F1B38BA350070E5DC /* HMACircleButton.swift in Sources */ = {isa = PBXBuildFile; fileRef = E6EEB37D1B38BA350070E5DC /* HMACircleButton.swift */; };
		E6EEB3801B38BA350070E5DC /* HMACircleButton.xib in Resources */ = {isa = PBXBuildFile; fileRef = E6EEB37E1B38BA350070E5DC /* HMACircleButton.xib */; };
		E6EEB3831B38D5060070E5DC /* HMABottomButton.swift in Sources */ = {isa = PBXBuildFile; fileRef = E6EEB3811B38D5060070E5DC /* HMABottomButton.swift */; };
		E6EEB3841B38D5060070E5DC /* HMABottomButton.xib in Resources */ = {isa = PBXBuildFile; fileRef = E6EEB3821B38D5060070E5DC /* HMABottomButton.xib */; };
		E920F2C8F1FF1F235F0B3467 /* libPods.a in Frameworks */ = {isa = PBXBuildFile; fileRef = 93C1E8119D4D8B753F6A2F76 /* libPods.a */; };
/* End PBXBuildFile section */

/* Begin PBXContainerItemProxy section */
		E655254E1AEAD02D0011786A /* PBXContainerItemProxy */ = {
			isa = PBXContainerItemProxy;
			containerPortal = E65525301AEAD02D0011786A /* Project object */;
			proxyType = 1;
			remoteGlobalIDString = E65525371AEAD02D0011786A;
			remoteInfo = HyperMediaAD;
		};
/* End PBXContainerItemProxy section */

/* Begin PBXCopyFilesBuildPhase section */
		E66D2C8B1AEAD2D8002F8D48 /* Embed App Extensions */ = {
			isa = PBXCopyFilesBuildPhase;
			buildActionMask = 2147483647;
			dstPath = "";
			dstSubfolderSpec = 13;
			files = (
			);
			name = "Embed App Extensions";
			runOnlyForDeploymentPostprocessing = 0;
		};
/* End PBXCopyFilesBuildPhase section */

/* Begin PBXFileReference section */
		2105ED2797A4E7F7D322DBCE /* Pods.local.xcconfig */ = {isa = PBXFileReference; includeInIndex = 1; lastKnownFileType = text.xcconfig; name = Pods.local.xcconfig; path = "Pods/Target Support Files/Pods/Pods.local.xcconfig"; sourceTree = "<group>"; };
		524D7814D109C6F7263D8B17 /* Pods.develop.xcconfig */ = {isa = PBXFileReference; includeInIndex = 1; lastKnownFileType = text.xcconfig; name = Pods.develop.xcconfig; path = "Pods/Target Support Files/Pods/Pods.develop.xcconfig"; sourceTree = "<group>"; };
		6091AD0811BDBA27103A10E1 /* Pods.release.xcconfig */ = {isa = PBXFileReference; includeInIndex = 1; lastKnownFileType = text.xcconfig; name = Pods.release.xcconfig; path = "Pods/Target Support Files/Pods/Pods.release.xcconfig"; sourceTree = "<group>"; };
		6EF818F2CB43A152D88519C6 /* Pods.debug.xcconfig */ = {isa = PBXFileReference; includeInIndex = 1; lastKnownFileType = text.xcconfig; name = Pods.debug.xcconfig; path = "Pods/Target Support Files/Pods/Pods.debug.xcconfig"; sourceTree = "<group>"; };
		93C1E8119D4D8B753F6A2F76 /* libPods.a */ = {isa = PBXFileReference; explicitFileType = archive.ar; includeInIndex = 0; path = libPods.a; sourceTree = BUILT_PRODUCTS_DIR; };
		E6151FF81B325B410085A992 /* HMAWebViewController.swift */ = {isa = PBXFileReference; fileEncoding = 4; lastKnownFileType = sourcecode.swift; path = HMAWebViewController.swift; sourceTree = "<group>"; };
		E626250B1AF9A53300F7F722 /* HMAConstant.swift */ = {isa = PBXFileReference; fileEncoding = 4; lastKnownFileType = sourcecode.swift; path = HMAConstant.swift; sourceTree = "<group>"; };
		E62A6C291AF0352100275377 /* AppDelegate.swift */ = {isa = PBXFileReference; fileEncoding = 4; lastKnownFileType = sourcecode.swift; path = AppDelegate.swift; sourceTree = "<group>"; };
		E62A6C2A1AF0352100275377 /* HyperMediaAD-Bridging-Header.h */ = {isa = PBXFileReference; fileEncoding = 4; lastKnownFileType = sourcecode.c.h; path = "HyperMediaAD-Bridging-Header.h"; sourceTree = "<group>"; };
		E62A6C321AF0352100275377 /* HMAViewController.swift */ = {isa = PBXFileReference; fileEncoding = 4; lastKnownFileType = sourcecode.swift; path = HMAViewController.swift; sourceTree = "<group>"; };
		E62A6C381AF0356400275377 /* LaunchScreen.xib */ = {isa = PBXFileReference; fileEncoding = 4; lastKnownFileType = file.xib; path = LaunchScreen.xib; sourceTree = "<group>"; };
		E62A6C391AF0356400275377 /* Main.storyboard */ = {isa = PBXFileReference; fileEncoding = 4; lastKnownFileType = file.storyboard; path = Main.storyboard; sourceTree = "<group>"; };
		E62A6C9D1AF0378C00275377 /* HyperMediaAD.entitlements */ = {isa = PBXFileReference; fileEncoding = 4; lastKnownFileType = text.xml; path = HyperMediaAD.entitlements; sourceTree = "<group>"; };
		E62A6CA21AF0382F00275377 /* Images.xcassets */ = {isa = PBXFileReference; lastKnownFileType = folder.assetcatalog; path = Images.xcassets; sourceTree = "<group>"; };
		E62B9D8A1B054E860086EEC2 /* NSMutableURLRequest+HTTPBody.swift */ = {isa = PBXFileReference; fileEncoding = 4; lastKnownFileType = sourcecode.swift; path = "NSMutableURLRequest+HTTPBody.swift"; sourceTree = "<group>"; };
		E62B9D8D1B055B680086EEC2 /* HMAModel.xcdatamodel */ = {isa = PBXFileReference; lastKnownFileType = wrapper.xcdatamodel; path = HMAModel.xcdatamodel; sourceTree = "<group>"; };
		E62B9D931B055F050086EEC2 /* CoreData.framework */ = {isa = PBXFileReference; lastKnownFileType = wrapper.framework; name = CoreData.framework; path = System/Library/Frameworks/CoreData.framework; sourceTree = SDKROOT; };
		E62B9D991B0561E60086EEC2 /* HMACoreDataManager.swift */ = {isa = PBXFileReference; fileEncoding = 4; lastKnownFileType = sourcecode.swift; path = HMACoreDataManager.swift; sourceTree = "<group>"; };
		E63E417A1B2A364200B3C4F4 /* HMAClusterMarker.swift */ = {isa = PBXFileReference; fileEncoding = 4; lastKnownFileType = sourcecode.swift; path = HMAClusterMarker.swift; sourceTree = "<group>"; };
		E6466BEA1AEB034A001127E0 /* HealthKit.framework */ = {isa = PBXFileReference; lastKnownFileType = wrapper.framework; name = HealthKit.framework; path = System/Library/Frameworks/HealthKit.framework; sourceTree = SDKROOT; };
		E65525381AEAD02D0011786A /* HyperMediaAD.app */ = {isa = PBXFileReference; explicitFileType = wrapper.application; includeInIndex = 0; path = HyperMediaAD.app; sourceTree = BUILT_PRODUCTS_DIR; };
		E655254D1AEAD02D0011786A /* HyperMediaADTests.xctest */ = {isa = PBXFileReference; explicitFileType = wrapper.cfbundle; includeInIndex = 0; path = HyperMediaADTests.xctest; sourceTree = BUILT_PRODUCTS_DIR; };
		E65525521AEAD02E0011786A /* Info.plist */ = {isa = PBXFileReference; lastKnownFileType = text.plist.xml; path = Info.plist; sourceTree = "<group>"; };
		E65525531AEAD02E0011786A /* HyperMediaADTests.swift */ = {isa = PBXFileReference; lastKnownFileType = sourcecode.swift; path = HyperMediaADTests.swift; sourceTree = "<group>"; };
		E656420D1B27CB0200F955BC /* HMAConstant-Private.swift */ = {isa = PBXFileReference; fileEncoding = 4; lastKnownFileType = sourcecode.swift; path = "HMAConstant-Private.swift"; sourceTree = "<group>"; };
		E65642101B27D10200F955BC /* main.swift */ = {isa = PBXFileReference; fileEncoding = 4; lastKnownFileType = sourcecode.swift; path = main.swift; sourceTree = "<group>"; };
		E65642131B27D22F00F955BC /* HMADestination.swift */ = {isa = PBXFileReference; fileEncoding = 4; lastKnownFileType = sourcecode.swift; path = HMADestination.swift; sourceTree = "<group>"; };
		E65642151B27D27100F955BC /* HMASearchBoxView.swift */ = {isa = PBXFileReference; fileEncoding = 4; lastKnownFileType = sourcecode.swift; path = HMASearchBoxView.swift; sourceTree = "<group>"; };
		E65642171B27D32C00F955BC /* HMAGoogleMapOperationQueue.swift */ = {isa = PBXFileReference; fileEncoding = 4; lastKnownFileType = sourcecode.swift; path = HMAGoogleMapOperationQueue.swift; sourceTree = "<group>"; };
		E65642191B27D4AD00F955BC /* HMASearchResultView.swift */ = {isa = PBXFileReference; fileEncoding = 4; lastKnownFileType = sourcecode.swift; path = HMASearchResultView.swift; sourceTree = "<group>"; };
		E656421B1B27D50400F955BC /* HMAWaypointMarker.swift */ = {isa = PBXFileReference; fileEncoding = 4; lastKnownFileType = sourcecode.swift; path = HMAWaypointMarker.swift; sourceTree = "<group>"; };
		E656421D1B27D53400F955BC /* HMADestinationMarker.swift */ = {isa = PBXFileReference; fileEncoding = 4; lastKnownFileType = sourcecode.swift; path = HMADestinationMarker.swift; sourceTree = "<group>"; };
		E65642231B27D68D00F955BC /* HMAHorizontalTableView.swift */ = {isa = PBXFileReference; fileEncoding = 4; lastKnownFileType = sourcecode.swift; path = HMAHorizontalTableView.swift; sourceTree = "<group>"; };
		E65642241B27D68D00F955BC /* HMAHorizontalTableViewCell.swift */ = {isa = PBXFileReference; fileEncoding = 4; lastKnownFileType = sourcecode.swift; path = HMAHorizontalTableViewCell.swift; sourceTree = "<group>"; };
		E65642251B27D68D00F955BC /* HMAHorizontalTableViewData.swift */ = {isa = PBXFileReference; fileEncoding = 4; lastKnownFileType = sourcecode.swift; path = HMAHorizontalTableViewData.swift; sourceTree = "<group>"; };
		E656422C1B27D6FA00F955BC /* NSDate+Ago.swift */ = {isa = PBXFileReference; fileEncoding = 4; lastKnownFileType = sourcecode.swift; path = "NSDate+Ago.swift"; sourceTree = "<group>"; };
		E656422E1B27D7EA00F955BC /* HMACrimeMarker.swift */ = {isa = PBXFileReference; fileEncoding = 4; lastKnownFileType = sourcecode.swift; path = HMACrimeMarker.swift; sourceTree = "<group>"; };
		E65642301B27DAA800F955BC /* HMASearchBoxView.xib */ = {isa = PBXFileReference; fileEncoding = 4; lastKnownFileType = file.xib; path = HMASearchBoxView.xib; sourceTree = "<group>"; };
		E65642311B27DAA800F955BC /* HMASearchResultView.xib */ = {isa = PBXFileReference; fileEncoding = 4; lastKnownFileType = file.xib; path = HMASearchResultView.xib; sourceTree = "<group>"; };
		E65642341B27DB2700F955BC /* HMAHorizontalTableView.xib */ = {isa = PBXFileReference; fileEncoding = 4; lastKnownFileType = file.xib; path = HMAHorizontalTableView.xib; sourceTree = "<group>"; };
		E65642351B27DB2700F955BC /* HMAHorizontalTableViewCell.xib */ = {isa = PBXFileReference; fileEncoding = 4; lastKnownFileType = file.xib; path = HMAHorizontalTableViewCell.xib; sourceTree = "<group>"; };
		E6678FD01AF9DC2400B59B64 /* CoreLocation.framework */ = {isa = PBXFileReference; lastKnownFileType = wrapper.framework; name = CoreLocation.framework; path = System/Library/Frameworks/CoreLocation.framework; sourceTree = SDKROOT; };
		E66B098C1B2FA78E00971339 /* UIImage+HMAHeatMap.swift */ = {isa = PBXFileReference; fileEncoding = 4; lastKnownFileType = sourcecode.swift; path = "UIImage+HMAHeatMap.swift"; sourceTree = "<group>"; };
		E66B098E1B2FA88500971339 /* HMAHeatMap.h */ = {isa = PBXFileReference; fileEncoding = 4; lastKnownFileType = sourcecode.c.h; path = HMAHeatMap.h; sourceTree = "<group>"; };
		E66B098F1B2FA88500971339 /* HMAHeatMap.m */ = {isa = PBXFileReference; fileEncoding = 4; lastKnownFileType = sourcecode.c.objc; path = HMAHeatMap.m; sourceTree = "<group>"; };
		E66D2C611AEAD27D002F8D48 /* Gimbal.framework */ = {isa = PBXFileReference; lastKnownFileType = wrapper.framework; path = Gimbal.framework; sourceTree = "<group>"; };
		E677842D1B3B7E6C00421603 /* HMAWheelOperationQueue.swift */ = {isa = PBXFileReference; fileEncoding = 4; lastKnownFileType = sourcecode.swift; path = HMAWheelOperationQueue.swift; sourceTree = "<group>"; };
		E677842F1B3B8EEC00421603 /* HMASensorEvaluation.swift */ = {isa = PBXFileReference; fileEncoding = 4; lastKnownFileType = sourcecode.swift; path = HMASensorEvaluation.swift; sourceTree = "<group>"; };
		E68446FE1B0AABF10094DC04 /* HMAMapView.swift */ = {isa = PBXFileReference; fileEncoding = 4; lastKnownFileType = sourcecode.swift; path = HMAMapView.swift; sourceTree = "<group>"; };
		E68E31111B30F14900B820C0 /* HMAYelpCategory.swift */ = {isa = PBXFileReference; fileEncoding = 4; lastKnownFileType = sourcecode.swift; path = HMAYelpCategory.swift; sourceTree = "<group>"; };
		E68E31141B30F2CA00B820C0 /* yelp_categories.json */ = {isa = PBXFileReference; fileEncoding = 4; lastKnownFileType = text.json; path = yelp_categories.json; sourceTree = "<group>"; };
		E68E31161B3108E200B820C0 /* HMAYelpData.swift */ = {isa = PBXFileReference; fileEncoding = 4; lastKnownFileType = sourcecode.swift; path = HMAYelpData.swift; sourceTree = "<group>"; };
		E68E31181B310CBE00B820C0 /* HMAYelpMaker.swift */ = {isa = PBXFileReference; fileEncoding = 4; lastKnownFileType = sourcecode.swift; path = HMAYelpMaker.swift; sourceTree = "<group>"; };
		E6DA444D1B28FC2300B0B75B /* HMASensorOperationQueue.swift */ = {isa = PBXFileReference; fileEncoding = 4; lastKnownFileType = sourcecode.swift; path = HMASensorOperationQueue.swift; sourceTree = "<group>"; };
		E6DA444F1B290C3700B0B75B /* HMASensorMarker.swift */ = {isa = PBXFileReference; fileEncoding = 4; lastKnownFileType = sourcecode.swift; path = HMASensorMarker.swift; sourceTree = "<group>"; };
		E6DB7C3C1B1197420055DF6C /* HMASensorData.swift */ = {isa = PBXFileReference; fileEncoding = 4; lastKnownFileType = sourcecode.swift; path = HMASensorData.swift; sourceTree = "<group>"; };
		E6DB7C3F1B11974E0055DF6C /* HMAWheelData.swift */ = {isa = PBXFileReference; fileEncoding = 4; lastKnownFileType = sourcecode.swift; path = HMAWheelData.swift; sourceTree = "<group>"; };
		E6DB7C4A1B1197F60055DF6C /* HMAGoogleMapClient.swift */ = {isa = PBXFileReference; fileEncoding = 4; lastKnownFileType = sourcecode.swift; path = HMAGoogleMapClient.swift; sourceTree = "<group>"; };
		E6DB7C4C1B1198050055DF6C /* HMAYelpClient.swift */ = {isa = PBXFileReference; fileEncoding = 4; lastKnownFileType = sourcecode.swift; path = HMAYelpClient.swift; sourceTree = "<group>"; };
		E6DB7C4E1B1198100055DF6C /* HMAWheelClient.swift */ = {isa = PBXFileReference; fileEncoding = 4; lastKnownFileType = sourcecode.swift; path = HMAWheelClient.swift; sourceTree = "<group>"; };
		E6DB7C501B1198180055DF6C /* HMASensorClient.swift */ = {isa = PBXFileReference; fileEncoding = 4; lastKnownFileType = sourcecode.swift; path = HMASensorClient.swift; sourceTree = "<group>"; };
		E6DB7C541B119F4E0055DF6C /* HMACrimeData.swift */ = {isa = PBXFileReference; fileEncoding = 4; lastKnownFileType = sourcecode.swift; path = HMACrimeData.swift; sourceTree = "<group>"; };
		E6DB7C571B11A4DC0055DF6C /* HMACrimeClient.swift */ = {isa = PBXFileReference; fileEncoding = 4; lastKnownFileType = sourcecode.swift; path = HMACrimeClient.swift; sourceTree = "<group>"; };
		E6DB7C591B11A5260055DF6C /* HMAMapMath.swift */ = {isa = PBXFileReference; fileEncoding = 4; lastKnownFileType = sourcecode.swift; path = HMAMapMath.swift; sourceTree = "<group>"; };
		E6EC43781B0404D70098FF9A /* SwiftyJSON.h */ = {isa = PBXFileReference; fileEncoding = 4; lastKnownFileType = sourcecode.c.h; name = SwiftyJSON.h; path = SwiftyJSON/Source/SwiftyJSON.h; sourceTree = "<group>"; };
		E6EC43791B0404D70098FF9A /* SwiftyJSON.swift */ = {isa = PBXFileReference; fileEncoding = 4; lastKnownFileType = sourcecode.swift; name = SwiftyJSON.swift; path = SwiftyJSON/Source/SwiftyJSON.swift; sourceTree = "<group>"; };
		E6EC437C1B0404F30098FF9A /* NSURL+Queries.swift */ = {isa = PBXFileReference; fileEncoding = 4; lastKnownFileType = sourcecode.swift; path = "NSURL+Queries.swift"; sourceTree = "<group>"; };
		E6ED26D21B1D18B60076B9F4 /* HMACrimeOperationQueue.swift */ = {isa = PBXFileReference; fileEncoding = 4; lastKnownFileType = sourcecode.swift; path = HMACrimeOperationQueue.swift; sourceTree = "<group>"; };
		E6EEB37D1B38BA350070E5DC /* HMACircleButton.swift */ = {isa = PBXFileReference; fileEncoding = 4; lastKnownFileType = sourcecode.swift; path = HMACircleButton.swift; sourceTree = "<group>"; };
		E6EEB37E1B38BA350070E5DC /* HMACircleButton.xib */ = {isa = PBXFileReference; fileEncoding = 4; lastKnownFileType = file.xib; path = HMACircleButton.xib; sourceTree = "<group>"; };
		E6EEB3811B38D5060070E5DC /* HMABottomButton.swift */ = {isa = PBXFileReference; fileEncoding = 4; lastKnownFileType = sourcecode.swift; path = HMABottomButton.swift; sourceTree = "<group>"; };
		E6EEB3821B38D5060070E5DC /* HMABottomButton.xib */ = {isa = PBXFileReference; fileEncoding = 4; lastKnownFileType = file.xib; path = HMABottomButton.xib; sourceTree = "<group>"; };
/* End PBXFileReference section */

/* Begin PBXFrameworksBuildPhase section */
		E65525351AEAD02D0011786A /* Frameworks */ = {
			isa = PBXFrameworksBuildPhase;
			buildActionMask = 2147483647;
			files = (
				E62B9D941B055F050086EEC2 /* CoreData.framework in Frameworks */,
				E6678FD11AF9DC2400B59B64 /* CoreLocation.framework in Frameworks */,
				E6466BEC1AEB0358001127E0 /* HealthKit.framework in Frameworks */,
				E66D2C621AEAD27D002F8D48 /* Gimbal.framework in Frameworks */,
				E920F2C8F1FF1F235F0B3467 /* libPods.a in Frameworks */,
			);
			runOnlyForDeploymentPostprocessing = 0;
		};
		E655254A1AEAD02D0011786A /* Frameworks */ = {
			isa = PBXFrameworksBuildPhase;
			buildActionMask = 2147483647;
			files = (
			);
			runOnlyForDeploymentPostprocessing = 0;
		};
/* End PBXFrameworksBuildPhase section */

/* Begin PBXGroup section */
		553FD32A0956B01CEE8A31C3 /* Frameworks */ = {
			isa = PBXGroup;
			children = (
				E62B9D931B055F050086EEC2 /* CoreData.framework */,
				E6678FD01AF9DC2400B59B64 /* CoreLocation.framework */,
				E6466BEA1AEB034A001127E0 /* HealthKit.framework */,
				93C1E8119D4D8B753F6A2F76 /* libPods.a */,
			);
			name = Frameworks;
			sourceTree = "<group>";
		};
		E623B0AB1AFAF14E009705EC /* Map */ = {
			isa = PBXGroup;
			children = (
				E68446FE1B0AABF10094DC04 /* HMAMapView.swift */,
				E63E417A1B2A364200B3C4F4 /* HMAClusterMarker.swift */,
				E6DB7C591B11A5260055DF6C /* HMAMapMath.swift */,
			);
			path = Map;
			sourceTree = "<group>";
		};
		E62A6C281AF0352100275377 /* Classes */ = {
			isa = PBXGroup;
			children = (
				E626250B1AF9A53300F7F722 /* HMAConstant.swift */,
				E656420D1B27CB0200F955BC /* HMAConstant-Private.swift */,
				E62A6C291AF0352100275377 /* AppDelegate.swift */,
				E62A6C321AF0352100275377 /* HMAViewController.swift */,
				E6151FF81B325B410085A992 /* HMAWebViewController.swift */,
				E62A6C2A1AF0352100275377 /* HyperMediaAD-Bridging-Header.h */,
				E65642101B27D10200F955BC /* main.swift */,
				E62A6C381AF0356400275377 /* LaunchScreen.xib */,
				E62A6C391AF0356400275377 /* Main.storyboard */,
				E65642121B27D22F00F955BC /* Search */,
				E623B0AB1AFAF14E009705EC /* Map */,
				E6DB7C3A1B1196C60055DF6C /* Sensor */,
				E6DB7C3B1B1196C60055DF6C /* Wheel */,
				E6DB7C391B1196C60055DF6C /* Crime */,
				E6DB7C421B1197DC0055DF6C /* Google */,
				E6DB7C441B1197DC0055DF6C /* Yelp */,
				E656421F1B27D68D00F955BC /* UI */,
				E66B098B1B2FA78E00971339 /* UIKit+Extension */,
				E6C1228A1B03F6E200C9DC71 /* NSFoundation+Extension */,
				E62A6C2B1AF0352100275377 /* Model */,
				E62A6D8A1AF04A5400275377 /* SwiftyJSON */,
			);
			path = Classes;
			sourceTree = "<group>";
		};
		E62A6C2B1AF0352100275377 /* Model */ = {
			isa = PBXGroup;
			children = (
				E62B9D991B0561E60086EEC2 /* HMACoreDataManager.swift */,
				E62B9D8C1B055B680086EEC2 /* HMAModel.xcdatamodeld */,
			);
			path = Model;
			sourceTree = "<group>";
		};
		E62A6C9B1AF0378C00275377 /* Resources */ = {
			isa = PBXGroup;
			children = (
				E62A6CA21AF0382F00275377 /* Images.xcassets */,
				E62A6C9F1AF037CD00275377 /* Plists */,
				E68E31131B30F2CA00B820C0 /* JSON */,
				E62A6C9C1AF0378C00275377 /* Entitlements */,
			);
			path = Resources;
			sourceTree = "<group>";
		};
		E62A6C9C1AF0378C00275377 /* Entitlements */ = {
			isa = PBXGroup;
			children = (
				E62A6C9D1AF0378C00275377 /* HyperMediaAD.entitlements */,
			);
			path = Entitlements;
			sourceTree = "<group>";
		};
		E62A6C9F1AF037CD00275377 /* Plists */ = {
			isa = PBXGroup;
			children = (
			);
			path = Plists;
			sourceTree = "<group>";
		};
		E62A6D8A1AF04A5400275377 /* SwiftyJSON */ = {
			isa = PBXGroup;
			children = (
				E6EC43781B0404D70098FF9A /* SwiftyJSON.h */,
				E6EC43791B0404D70098FF9A /* SwiftyJSON.swift */,
			);
			name = SwiftyJSON;
			sourceTree = "<group>";
		};
		E655252F1AEAD02D0011786A = {
			isa = PBXGroup;
			children = (
				E655253A1AEAD02D0011786A /* HyperMediaAD */,
				E65525391AEAD02D0011786A /* Products */,
				EC9C83127011F8482B37666C /* Pods */,
				553FD32A0956B01CEE8A31C3 /* Frameworks */,
				E65525501AEAD02E0011786A /* HyperMediaADTests */,
			);
			sourceTree = "<group>";
		};
		E65525391AEAD02D0011786A /* Products */ = {
			isa = PBXGroup;
			children = (
				E65525381AEAD02D0011786A /* HyperMediaAD.app */,
				E655254D1AEAD02D0011786A /* HyperMediaADTests.xctest */,
			);
			name = Products;
			sourceTree = "<group>";
		};
		E655253A1AEAD02D0011786A /* HyperMediaAD */ = {
			isa = PBXGroup;
			children = (
				E62A6C281AF0352100275377 /* Classes */,
				E62A6C9B1AF0378C00275377 /* Resources */,
				E66D2C601AEAD27D002F8D48 /* Frameworks */,
			);
			path = HyperMediaAD;
			sourceTree = "<group>";
		};
		E65525501AEAD02E0011786A /* HyperMediaADTests */ = {
			isa = PBXGroup;
			children = (
				E65525531AEAD02E0011786A /* HyperMediaADTests.swift */,
				E65525511AEAD02E0011786A /* Supporting Files */,
			);
			path = HyperMediaADTests;
			sourceTree = "<group>";
		};
		E65525511AEAD02E0011786A /* Supporting Files */ = {
			isa = PBXGroup;
			children = (
				E65525521AEAD02E0011786A /* Info.plist */,
			);
			name = "Supporting Files";
			sourceTree = "<group>";
		};
		E65642121B27D22F00F955BC /* Search */ = {
			isa = PBXGroup;
			children = (
				E65642131B27D22F00F955BC /* HMADestination.swift */,
				E65642151B27D27100F955BC /* HMASearchBoxView.swift */,
				E65642301B27DAA800F955BC /* HMASearchBoxView.xib */,
				E65642191B27D4AD00F955BC /* HMASearchResultView.swift */,
				E65642311B27DAA800F955BC /* HMASearchResultView.xib */,
				E656421B1B27D50400F955BC /* HMAWaypointMarker.swift */,
				E656421D1B27D53400F955BC /* HMADestinationMarker.swift */,
			);
			path = Search;
			sourceTree = "<group>";
		};
		E656421F1B27D68D00F955BC /* UI */ = {
			isa = PBXGroup;
			children = (
				E6EEB3811B38D5060070E5DC /* HMABottomButton.swift */,
				E6EEB3821B38D5060070E5DC /* HMABottomButton.xib */,
				E6EEB37D1B38BA350070E5DC /* HMACircleButton.swift */,
				E6EEB37E1B38BA350070E5DC /* HMACircleButton.xib */,
				E65642231B27D68D00F955BC /* HMAHorizontalTableView.swift */,
				E65642341B27DB2700F955BC /* HMAHorizontalTableView.xib */,
				E65642241B27D68D00F955BC /* HMAHorizontalTableViewCell.swift */,
				E65642351B27DB2700F955BC /* HMAHorizontalTableViewCell.xib */,
				E65642251B27D68D00F955BC /* HMAHorizontalTableViewData.swift */,
			);
			path = UI;
			sourceTree = "<group>";
		};
		E66B098B1B2FA78E00971339 /* UIKit+Extension */ = {
			isa = PBXGroup;
			children = (
				E66B098E1B2FA88500971339 /* HMAHeatMap.h */,
				E66B098F1B2FA88500971339 /* HMAHeatMap.m */,
				E66B098C1B2FA78E00971339 /* UIImage+HMAHeatMap.swift */,
			);
			path = "UIKit+Extension";
			sourceTree = "<group>";
		};
		E66D2C601AEAD27D002F8D48 /* Frameworks */ = {
			isa = PBXGroup;
			children = (
				E66D2C611AEAD27D002F8D48 /* Gimbal.framework */,
			);
			path = Frameworks;
			sourceTree = "<group>";
		};
		E68E31131B30F2CA00B820C0 /* JSON */ = {
			isa = PBXGroup;
			children = (
				E68E31141B30F2CA00B820C0 /* yelp_categories.json */,
			);
			path = JSON;
			sourceTree = "<group>";
		};
		E6C1228A1B03F6E200C9DC71 /* NSFoundation+Extension */ = {
			isa = PBXGroup;
			children = (
				E656422C1B27D6FA00F955BC /* NSDate+Ago.swift */,
				E62B9D8A1B054E860086EEC2 /* NSMutableURLRequest+HTTPBody.swift */,
				E6EC437C1B0404F30098FF9A /* NSURL+Queries.swift */,
			);
			path = "NSFoundation+Extension";
			sourceTree = "<group>";
		};
		E6DB7C391B1196C60055DF6C /* Crime */ = {
			isa = PBXGroup;
			children = (
				E6DB7C541B119F4E0055DF6C /* HMACrimeData.swift */,
				E6DB7C571B11A4DC0055DF6C /* HMACrimeClient.swift */,
				E6ED26D21B1D18B60076B9F4 /* HMACrimeOperationQueue.swift */,
				E656422E1B27D7EA00F955BC /* HMACrimeMarker.swift */,
			);
			path = Crime;
			sourceTree = "<group>";
		};
		E6DB7C3A1B1196C60055DF6C /* Sensor */ = {
			isa = PBXGroup;
			children = (
				E6DB7C501B1198180055DF6C /* HMASensorClient.swift */,
				E6DB7C3C1B1197420055DF6C /* HMASensorData.swift */,
				E677842F1B3B8EEC00421603 /* HMASensorEvaluation.swift */,
				E6DA444D1B28FC2300B0B75B /* HMASensorOperationQueue.swift */,
				E6DA444F1B290C3700B0B75B /* HMASensorMarker.swift */,
			);
			path = Sensor;
			sourceTree = "<group>";
		};
		E6DB7C3B1B1196C60055DF6C /* Wheel */ = {
			isa = PBXGroup;
			children = (
				E6DB7C4E1B1198100055DF6C /* HMAWheelClient.swift */,
				E6DB7C3F1B11974E0055DF6C /* HMAWheelData.swift */,
				E677842D1B3B7E6C00421603 /* HMAWheelOperationQueue.swift */,
			);
			path = Wheel;
			sourceTree = "<group>";
		};
		E6DB7C421B1197DC0055DF6C /* Google */ = {
			isa = PBXGroup;
			children = (
				E6DB7C4A1B1197F60055DF6C /* HMAGoogleMapClient.swift */,
				E65642171B27D32C00F955BC /* HMAGoogleMapOperationQueue.swift */,
			);
			path = Google;
			sourceTree = "<group>";
		};
		E6DB7C441B1197DC0055DF6C /* Yelp */ = {
			isa = PBXGroup;
			children = (
				E6DB7C4C1B1198050055DF6C /* HMAYelpClient.swift */,
				E68E31111B30F14900B820C0 /* HMAYelpCategory.swift */,
				E68E31161B3108E200B820C0 /* HMAYelpData.swift */,
				E68E31181B310CBE00B820C0 /* HMAYelpMaker.swift */,
			);
			path = Yelp;
			sourceTree = "<group>";
		};
		EC9C83127011F8482B37666C /* Pods */ = {
			isa = PBXGroup;
			children = (
				6EF818F2CB43A152D88519C6 /* Pods.debug.xcconfig */,
				6091AD0811BDBA27103A10E1 /* Pods.release.xcconfig */,
				2105ED2797A4E7F7D322DBCE /* Pods.local.xcconfig */,
				524D7814D109C6F7263D8B17 /* Pods.develop.xcconfig */,
			);
			name = Pods;
			sourceTree = "<group>";
		};
/* End PBXGroup section */

/* Begin PBXNativeTarget section */
		E65525371AEAD02D0011786A /* HyperMediaAD */ = {
			isa = PBXNativeTarget;
			buildConfigurationList = E65525571AEAD02E0011786A /* Build configuration list for PBXNativeTarget "HyperMediaAD" */;
			buildPhases = (
				B0F957CD8223EC572EB41B6C /* Check Pods Manifest.lock */,
				E65525341AEAD02D0011786A /* Sources */,
				E65525351AEAD02D0011786A /* Frameworks */,
				E65525361AEAD02D0011786A /* Resources */,
				9C246E59700AC9CC7F9F6F55 /* Copy Pods Resources */,
				E66D2C8B1AEAD2D8002F8D48 /* Embed App Extensions */,
			);
			buildRules = (
			);
			dependencies = (
			);
			name = HyperMediaAD;
			productName = HyperMediaAD;
			productReference = E65525381AEAD02D0011786A /* HyperMediaAD.app */;
			productType = "com.apple.product-type.application";
		};
		E655254C1AEAD02D0011786A /* HyperMediaADTests */ = {
			isa = PBXNativeTarget;
			buildConfigurationList = E655255A1AEAD02E0011786A /* Build configuration list for PBXNativeTarget "HyperMediaADTests" */;
			buildPhases = (
				E65525491AEAD02D0011786A /* Sources */,
				E655254A1AEAD02D0011786A /* Frameworks */,
				E655254B1AEAD02D0011786A /* Resources */,
			);
			buildRules = (
			);
			dependencies = (
				E655254F1AEAD02D0011786A /* PBXTargetDependency */,
			);
			name = HyperMediaADTests;
			productName = HyperMediaADTests;
			productReference = E655254D1AEAD02D0011786A /* HyperMediaADTests.xctest */;
			productType = "com.apple.product-type.bundle.unit-test";
		};
/* End PBXNativeTarget section */

/* Begin PBXProject section */
		E65525301AEAD02D0011786A /* Project object */ = {
			isa = PBXProject;
			attributes = {
				LastUpgradeCheck = 0630;
				ORGANIZATIONNAME = kenzan8000;
				TargetAttributes = {
					E65525371AEAD02D0011786A = {
						CreatedOnToolsVersion = 6.3.1;
						DevelopmentTeam = 6RYZ4RB738;
						SystemCapabilities = {
							com.apple.ApplicationGroups.iOS = {
								enabled = 1;
							};
							com.apple.BackgroundModes = {
								enabled = 1;
							};
							com.apple.HealthKit = {
								enabled = 1;
							};
						};
					};
					E655254C1AEAD02D0011786A = {
						CreatedOnToolsVersion = 6.3.1;
						TestTargetID = E65525371AEAD02D0011786A;
					};
				};
			};
			buildConfigurationList = E65525331AEAD02D0011786A /* Build configuration list for PBXProject "HyperMediaAD" */;
			compatibilityVersion = "Xcode 3.2";
			developmentRegion = English;
			hasScannedForEncodings = 0;
			knownRegions = (
				en,
				Base,
			);
			mainGroup = E655252F1AEAD02D0011786A;
			productRefGroup = E65525391AEAD02D0011786A /* Products */;
			projectDirPath = "";
			projectRoot = "";
			targets = (
				E65525371AEAD02D0011786A /* HyperMediaAD */,
				E655254C1AEAD02D0011786A /* HyperMediaADTests */,
			);
		};
/* End PBXProject section */

/* Begin PBXResourcesBuildPhase section */
		E65525361AEAD02D0011786A /* Resources */ = {
			isa = PBXResourcesBuildPhase;
			buildActionMask = 2147483647;
			files = (
				E62A6C9E1AF0378C00275377 /* HyperMediaAD.entitlements in Resources */,
				E65642361B27DB2700F955BC /* HMAHorizontalTableView.xib in Resources */,
				E68E31151B30F2CA00B820C0 /* yelp_categories.json in Resources */,
				E65642371B27DB2700F955BC /* HMAHorizontalTableViewCell.xib in Resources */,
				E6EEB3801B38BA350070E5DC /* HMACircleButton.xib in Resources */,
				E6EEB3841B38D5060070E5DC /* HMABottomButton.xib in Resources */,
				E62A6CA31AF0382F00275377 /* Images.xcassets in Resources */,
				E65642331B27DAA800F955BC /* HMASearchResultView.xib in Resources */,
				E62A6C3B1AF0356400275377 /* Main.storyboard in Resources */,
				E65642321B27DAA800F955BC /* HMASearchBoxView.xib in Resources */,
				E62A6C3A1AF0356400275377 /* LaunchScreen.xib in Resources */,
			);
			runOnlyForDeploymentPostprocessing = 0;
		};
		E655254B1AEAD02D0011786A /* Resources */ = {
			isa = PBXResourcesBuildPhase;
			buildActionMask = 2147483647;
			files = (
			);
			runOnlyForDeploymentPostprocessing = 0;
		};
/* End PBXResourcesBuildPhase section */

/* Begin PBXShellScriptBuildPhase section */
		9C246E59700AC9CC7F9F6F55 /* Copy Pods Resources */ = {
			isa = PBXShellScriptBuildPhase;
			buildActionMask = 2147483647;
			files = (
			);
			inputPaths = (
			);
			name = "Copy Pods Resources";
			outputPaths = (
			);
			runOnlyForDeploymentPostprocessing = 0;
			shellPath = /bin/sh;
			shellScript = "\"${SRCROOT}/Pods/Target Support Files/Pods/Pods-resources.sh\"\n";
			showEnvVarsInLog = 0;
		};
		B0F957CD8223EC572EB41B6C /* Check Pods Manifest.lock */ = {
			isa = PBXShellScriptBuildPhase;
			buildActionMask = 2147483647;
			files = (
			);
			inputPaths = (
			);
			name = "Check Pods Manifest.lock";
			outputPaths = (
			);
			runOnlyForDeploymentPostprocessing = 0;
			shellPath = /bin/sh;
			shellScript = "diff \"${PODS_ROOT}/../Podfile.lock\" \"${PODS_ROOT}/Manifest.lock\" > /dev/null\nif [[ $? != 0 ]] ; then\n    cat << EOM\nerror: The sandbox is not in sync with the Podfile.lock. Run 'pod install' or update your CocoaPods installation.\nEOM\n    exit 1\nfi\n";
			showEnvVarsInLog = 0;
		};
/* End PBXShellScriptBuildPhase section */

/* Begin PBXSourcesBuildPhase section */
		E65525341AEAD02D0011786A /* Sources */ = {
			isa = PBXSourcesBuildPhase;
			buildActionMask = 2147483647;
			files = (
				E6DB7C581B11A4DC0055DF6C /* HMACrimeClient.swift in Sources */,
				E66B09901B2FA88500971339 /* HMAHeatMap.m in Sources */,
				E66B098D1B2FA78E00971339 /* UIImage+HMAHeatMap.swift in Sources */,
				E656421C1B27D50400F955BC /* HMAWaypointMarker.swift in Sources */,
				E65642161B27D27100F955BC /* HMASearchBoxView.swift in Sources */,
				E6DB7C4D1B1198050055DF6C /* HMAYelpClient.swift in Sources */,
				E6DB7C4B1B1197F60055DF6C /* HMAGoogleMapClient.swift in Sources */,
				E6DB7C3D1B1197420055DF6C /* HMASensorData.swift in Sources */,
				E656422D1B27D6FA00F955BC /* NSDate+Ago.swift in Sources */,
				E68E31191B310CBE00B820C0 /* HMAYelpMaker.swift in Sources */,
				E62A6C371AF0352100275377 /* HMAViewController.swift in Sources */,
				E656421A1B27D4AD00F955BC /* HMASearchResultView.swift in Sources */,
				E6151FF91B325B410085A992 /* HMAWebViewController.swift in Sources */,
				E656422B1B27D68D00F955BC /* HMAHorizontalTableViewData.swift in Sources */,
				E62B9D8E1B055B680086EEC2 /* HMAModel.xcdatamodeld in Sources */,
				E656422F1B27D7EA00F955BC /* HMACrimeMarker.swift in Sources */,
				E6EEB37F1B38BA350070E5DC /* HMACircleButton.swift in Sources */,
				E68E31121B30F14900B820C0 /* HMAYelpCategory.swift in Sources */,
				E677842E1B3B7E6C00421603 /* HMAWheelOperationQueue.swift in Sources */,
				E6DB7C551B119F4E0055DF6C /* HMACrimeData.swift in Sources */,
				E68E31171B3108E200B820C0 /* HMAYelpData.swift in Sources */,
				E6DB7C511B1198180055DF6C /* HMASensorClient.swift in Sources */,
				E6EC437A1B0404D70098FF9A /* SwiftyJSON.swift in Sources */,
				E65642181B27D32C00F955BC /* HMAGoogleMapOperationQueue.swift in Sources */,
				E63E417B1B2A364200B3C4F4 /* HMAClusterMarker.swift in Sources */,
				E6ED26D31B1D18B60076B9F4 /* HMACrimeOperationQueue.swift in Sources */,
				E6DB7C4F1B1198100055DF6C /* HMAWheelClient.swift in Sources */,
				E65642291B27D68D00F955BC /* HMAHorizontalTableView.swift in Sources */,
				E626250C1AF9A53300F7F722 /* HMAConstant.swift in Sources */,
				E67784301B3B8EEC00421603 /* HMASensorEvaluation.swift in Sources */,
				E62B9D8B1B054E860086EEC2 /* NSMutableURLRequest+HTTPBody.swift in Sources */,
				E62A6C331AF0352100275377 /* AppDelegate.swift in Sources */,
				E656421E1B27D53400F955BC /* HMADestinationMarker.swift in Sources */,
				E62B9D9A1B0561E60086EEC2 /* HMACoreDataManager.swift in Sources */,
				E656420E1B27CB0200F955BC /* HMAConstant-Private.swift in Sources */,
				E6EEB3831B38D5060070E5DC /* HMABottomButton.swift in Sources */,
				E6DA44501B290C3700B0B75B /* HMASensorMarker.swift in Sources */,
				E6DA444E1B28FC2300B0B75B /* HMASensorOperationQueue.swift in Sources */,
				E6EC437E1B0404F30098FF9A /* NSURL+Queries.swift in Sources */,
				E656422A1B27D68D00F955BC /* HMAHorizontalTableViewCell.swift in Sources */,
				E6DB7C5A1B11A5260055DF6C /* HMAMapMath.swift in Sources */,
				E65642111B27D10200F955BC /* main.swift in Sources */,
				E65642141B27D22F00F955BC /* HMADestination.swift in Sources */,
				E68446FF1B0AABF10094DC04 /* HMAMapView.swift in Sources */,
				E6DB7C401B11974E0055DF6C /* HMAWheelData.swift in Sources */,
			);
			runOnlyForDeploymentPostprocessing = 0;
		};
		E65525491AEAD02D0011786A /* Sources */ = {
			isa = PBXSourcesBuildPhase;
			buildActionMask = 2147483647;
			files = (
				E65525541AEAD02E0011786A /* HyperMediaADTests.swift in Sources */,
			);
			runOnlyForDeploymentPostprocessing = 0;
		};
/* End PBXSourcesBuildPhase section */

/* Begin PBXTargetDependency section */
		E655254F1AEAD02D0011786A /* PBXTargetDependency */ = {
			isa = PBXTargetDependency;
			target = E65525371AEAD02D0011786A /* HyperMediaAD */;
			targetProxy = E655254E1AEAD02D0011786A /* PBXContainerItemProxy */;
		};
/* End PBXTargetDependency section */

/* Begin XCBuildConfiguration section */
		E65525561AEAD02E0011786A /* Release */ = {
			isa = XCBuildConfiguration;
			buildSettings = {
				ALWAYS_SEARCH_USER_PATHS = NO;
				CLANG_CXX_LANGUAGE_STANDARD = "gnu++0x";
				CLANG_CXX_LIBRARY = "libc++";
				CLANG_ENABLE_MODULES = YES;
				CLANG_ENABLE_OBJC_ARC = YES;
				CLANG_WARN_BOOL_CONVERSION = YES;
				CLANG_WARN_CONSTANT_CONVERSION = YES;
				CLANG_WARN_DIRECT_OBJC_ISA_USAGE = YES_ERROR;
				CLANG_WARN_EMPTY_BODY = YES;
				CLANG_WARN_ENUM_CONVERSION = YES;
				CLANG_WARN_INT_CONVERSION = YES;
				CLANG_WARN_OBJC_ROOT_CLASS = YES_ERROR;
				CLANG_WARN_UNREACHABLE_CODE = YES;
				CLANG_WARN__DUPLICATE_METHOD_MATCH = YES;
				"CODE_SIGN_IDENTITY[sdk=iphoneos*]" = "iPhone Developer";
				COPY_PHASE_STRIP = NO;
				DEBUG_INFORMATION_FORMAT = "dwarf-with-dsym";
				ENABLE_NS_ASSERTIONS = NO;
				ENABLE_STRICT_OBJC_MSGSEND = YES;
				GCC_C_LANGUAGE_STANDARD = gnu99;
				GCC_NO_COMMON_BLOCKS = YES;
				GCC_WARN_64_TO_32_BIT_CONVERSION = YES;
				GCC_WARN_ABOUT_RETURN_TYPE = YES_ERROR;
				GCC_WARN_UNDECLARED_SELECTOR = YES;
				GCC_WARN_UNINITIALIZED_AUTOS = YES_AGGRESSIVE;
				GCC_WARN_UNUSED_FUNCTION = YES;
				GCC_WARN_UNUSED_VARIABLE = YES;
				IPHONEOS_DEPLOYMENT_TARGET = 8.3;
				MTL_ENABLE_DEBUG_INFO = NO;
				SDKROOT = iphoneos;
				VALIDATE_PRODUCT = YES;
			};
			name = Release;
		};
		E65525591AEAD02E0011786A /* Release */ = {
			isa = XCBuildConfiguration;
			baseConfigurationReference = 6091AD0811BDBA27103A10E1 /* Pods.release.xcconfig */;
			buildSettings = {
				ASSETCATALOG_COMPILER_APPICON_NAME = AppIcon;
				CODE_SIGN_ENTITLEMENTS = HyperMediaAD/Resources/Entitlements/HyperMediaAD.entitlements;
				CODE_SIGN_IDENTITY = "iPhone Developer";
				"CODE_SIGN_IDENTITY[sdk=iphoneos*]" = "iPhone Developer";
				FRAMEWORK_SEARCH_PATHS = (
					"$(inherited)",
					"$(PROJECT_DIR)/HyperMediaAD/Frameworks",
				);
				INFOPLIST_FILE = HyperMediaAD/Resources/Plists/Info.plist;
				LD_RUNPATH_SEARCH_PATHS = "$(inherited) @executable_path/Frameworks";
				PRODUCT_NAME = "$(TARGET_NAME)";
				PROVISIONING_PROFILE = "";
				SWIFT_OBJC_BRIDGING_HEADER = "HyperMediaAD/Classes/HyperMediaAD-Bridging-Header.h";
			};
			name = Release;
		};
		E655255C1AEAD02E0011786A /* Release */ = {
			isa = XCBuildConfiguration;
			buildSettings = {
				BUNDLE_LOADER = "$(TEST_HOST)";
				FRAMEWORK_SEARCH_PATHS = (
					"$(SDKROOT)/Developer/Library/Frameworks",
					"$(inherited)",
				);
				INFOPLIST_FILE = HyperMediaADTests/Info.plist;
				LD_RUNPATH_SEARCH_PATHS = "$(inherited) @executable_path/Frameworks @loader_path/Frameworks";
				PRODUCT_NAME = "$(TARGET_NAME)";
				TEST_HOST = "$(BUILT_PRODUCTS_DIR)/HyperMediaAD.app/HyperMediaAD";
			};
			name = Release;
		};
		E66E5FB11AF9A9F800E514D1 /* Local */ = {
			isa = XCBuildConfiguration;
			buildSettings = {
				ALWAYS_SEARCH_USER_PATHS = NO;
				CLANG_CXX_LANGUAGE_STANDARD = "gnu++0x";
				CLANG_CXX_LIBRARY = "libc++";
				CLANG_ENABLE_MODULES = YES;
				CLANG_ENABLE_OBJC_ARC = YES;
				CLANG_WARN_BOOL_CONVERSION = YES;
				CLANG_WARN_CONSTANT_CONVERSION = YES;
				CLANG_WARN_DIRECT_OBJC_ISA_USAGE = YES_ERROR;
				CLANG_WARN_EMPTY_BODY = YES;
				CLANG_WARN_ENUM_CONVERSION = YES;
				CLANG_WARN_INT_CONVERSION = YES;
				CLANG_WARN_OBJC_ROOT_CLASS = YES_ERROR;
				CLANG_WARN_UNREACHABLE_CODE = YES;
				CLANG_WARN__DUPLICATE_METHOD_MATCH = YES;
				"CODE_SIGN_IDENTITY[sdk=iphoneos*]" = "iPhone Developer";
				COPY_PHASE_STRIP = NO;
				DEBUG_INFORMATION_FORMAT = "dwarf-with-dsym";
				ENABLE_STRICT_OBJC_MSGSEND = YES;
				GCC_C_LANGUAGE_STANDARD = gnu99;
				GCC_DYNAMIC_NO_PIC = NO;
				GCC_NO_COMMON_BLOCKS = YES;
				GCC_OPTIMIZATION_LEVEL = 0;
				GCC_PREPROCESSOR_DEFINITIONS = (
					"$(inherited)",
					"DEBUG=1",
				);
				GCC_SYMBOLS_PRIVATE_EXTERN = NO;
				GCC_WARN_64_TO_32_BIT_CONVERSION = YES;
				GCC_WARN_ABOUT_RETURN_TYPE = YES_ERROR;
				GCC_WARN_UNDECLARED_SELECTOR = YES;
				GCC_WARN_UNINITIALIZED_AUTOS = YES_AGGRESSIVE;
				GCC_WARN_UNUSED_FUNCTION = YES;
				GCC_WARN_UNUSED_VARIABLE = YES;
				IPHONEOS_DEPLOYMENT_TARGET = 8.3;
				MTL_ENABLE_DEBUG_INFO = YES;
				ONLY_ACTIVE_ARCH = YES;
				OTHER_SWIFT_FLAGS = "-D DEBUG -D LOCAL_SERVER";
				SDKROOT = iphoneos;
				SWIFT_OPTIMIZATION_LEVEL = "-Onone";
			};
			name = Local;
		};
		E66E5FB21AF9A9F800E514D1 /* Local */ = {
			isa = XCBuildConfiguration;
			baseConfigurationReference = 2105ED2797A4E7F7D322DBCE /* Pods.local.xcconfig */;
			buildSettings = {
				ASSETCATALOG_COMPILER_APPICON_NAME = AppIcon;
				CODE_SIGN_ENTITLEMENTS = HyperMediaAD/Resources/Entitlements/HyperMediaAD.entitlements;
				CODE_SIGN_IDENTITY = "iPhone Developer";
				"CODE_SIGN_IDENTITY[sdk=iphoneos*]" = "iPhone Developer";
				FRAMEWORK_SEARCH_PATHS = (
					"$(inherited)",
					"$(PROJECT_DIR)/HyperMediaAD/Frameworks",
				);
				INFOPLIST_FILE = HyperMediaAD/Resources/Plists/Info.plist;
				LD_RUNPATH_SEARCH_PATHS = "$(inherited) @executable_path/Frameworks";
				PRODUCT_NAME = "$(TARGET_NAME)";
				PROVISIONING_PROFILE = "";
				SWIFT_OBJC_BRIDGING_HEADER = "HyperMediaAD/Classes/HyperMediaAD-Bridging-Header.h";
			};
			name = Local;
		};
		E66E5FB31AF9A9F800E514D1 /* Local */ = {
			isa = XCBuildConfiguration;
			buildSettings = {
				BUNDLE_LOADER = "$(TEST_HOST)";
				FRAMEWORK_SEARCH_PATHS = (
					"$(SDKROOT)/Developer/Library/Frameworks",
					"$(inherited)",
				);
				GCC_PREPROCESSOR_DEFINITIONS = (
					"DEBUG=1",
					"$(inherited)",
				);
				INFOPLIST_FILE = HyperMediaADTests/Info.plist;
				LD_RUNPATH_SEARCH_PATHS = "$(inherited) @executable_path/Frameworks @loader_path/Frameworks";
				PRODUCT_NAME = "$(TARGET_NAME)";
				TEST_HOST = "$(BUILT_PRODUCTS_DIR)/HyperMediaAD.app/HyperMediaAD";
			};
			name = Local;
		};
		E66E5FB61AF9AA0700E514D1 /* Develop */ = {
			isa = XCBuildConfiguration;
			buildSettings = {
				ALWAYS_SEARCH_USER_PATHS = NO;
				CLANG_CXX_LANGUAGE_STANDARD = "gnu++0x";
				CLANG_CXX_LIBRARY = "libc++";
				CLANG_ENABLE_MODULES = YES;
				CLANG_ENABLE_OBJC_ARC = YES;
				CLANG_WARN_BOOL_CONVERSION = YES;
				CLANG_WARN_CONSTANT_CONVERSION = YES;
				CLANG_WARN_DIRECT_OBJC_ISA_USAGE = YES_ERROR;
				CLANG_WARN_EMPTY_BODY = YES;
				CLANG_WARN_ENUM_CONVERSION = YES;
				CLANG_WARN_INT_CONVERSION = YES;
				CLANG_WARN_OBJC_ROOT_CLASS = YES_ERROR;
				CLANG_WARN_UNREACHABLE_CODE = YES;
				CLANG_WARN__DUPLICATE_METHOD_MATCH = YES;
				"CODE_SIGN_IDENTITY[sdk=iphoneos*]" = "iPhone Developer";
				COPY_PHASE_STRIP = NO;
				DEBUG_INFORMATION_FORMAT = "dwarf-with-dsym";
				ENABLE_STRICT_OBJC_MSGSEND = YES;
				GCC_C_LANGUAGE_STANDARD = gnu99;
				GCC_DYNAMIC_NO_PIC = NO;
				GCC_NO_COMMON_BLOCKS = YES;
				GCC_OPTIMIZATION_LEVEL = 0;
				GCC_PREPROCESSOR_DEFINITIONS = (
					"$(inherited)",
					"DEBUG=1",
				);
				GCC_SYMBOLS_PRIVATE_EXTERN = NO;
				GCC_WARN_64_TO_32_BIT_CONVERSION = YES;
				GCC_WARN_ABOUT_RETURN_TYPE = YES_ERROR;
				GCC_WARN_UNDECLARED_SELECTOR = YES;
				GCC_WARN_UNINITIALIZED_AUTOS = YES_AGGRESSIVE;
				GCC_WARN_UNUSED_FUNCTION = YES;
				GCC_WARN_UNUSED_VARIABLE = YES;
				IPHONEOS_DEPLOYMENT_TARGET = 8.3;
				MTL_ENABLE_DEBUG_INFO = YES;
				ONLY_ACTIVE_ARCH = YES;
				OTHER_SWIFT_FLAGS = "-D DEBUG -D DEV_SERVER";
				SDKROOT = iphoneos;
				SWIFT_OPTIMIZATION_LEVEL = "-Onone";
			};
			name = Develop;
		};
		E66E5FB71AF9AA0700E514D1 /* Develop */ = {
			isa = XCBuildConfiguration;
			baseConfigurationReference = 524D7814D109C6F7263D8B17 /* Pods.develop.xcconfig */;
			buildSettings = {
				ASSETCATALOG_COMPILER_APPICON_NAME = AppIcon;
				CODE_SIGN_ENTITLEMENTS = HyperMediaAD/Resources/Entitlements/HyperMediaAD.entitlements;
				CODE_SIGN_IDENTITY = "iPhone Developer";
				"CODE_SIGN_IDENTITY[sdk=iphoneos*]" = "iPhone Developer";
				FRAMEWORK_SEARCH_PATHS = (
					"$(inherited)",
					"$(PROJECT_DIR)/HyperMediaAD/Frameworks",
				);
				INFOPLIST_FILE = HyperMediaAD/Resources/Plists/Info.plist;
				LD_RUNPATH_SEARCH_PATHS = "$(inherited) @executable_path/Frameworks";
				PRODUCT_NAME = "$(TARGET_NAME)";
				PROVISIONING_PROFILE = "";
				SWIFT_OBJC_BRIDGING_HEADER = "HyperMediaAD/Classes/HyperMediaAD-Bridging-Header.h";
			};
			name = Develop;
		};
		E66E5FB81AF9AA0700E514D1 /* Develop */ = {
			isa = XCBuildConfiguration;
			buildSettings = {
				BUNDLE_LOADER = "$(TEST_HOST)";
				FRAMEWORK_SEARCH_PATHS = (
					"$(SDKROOT)/Developer/Library/Frameworks",
					"$(inherited)",
				);
				GCC_PREPROCESSOR_DEFINITIONS = (
					"DEBUG=1",
					"$(inherited)",
				);
				INFOPLIST_FILE = HyperMediaADTests/Info.plist;
				LD_RUNPATH_SEARCH_PATHS = "$(inherited) @executable_path/Frameworks @loader_path/Frameworks";
				PRODUCT_NAME = "$(TARGET_NAME)";
				TEST_HOST = "$(BUILT_PRODUCTS_DIR)/HyperMediaAD.app/HyperMediaAD";
			};
			name = Develop;
		};
/* End XCBuildConfiguration section */

/* Begin XCConfigurationList section */
		E65525331AEAD02D0011786A /* Build configuration list for PBXProject "HyperMediaAD" */ = {
			isa = XCConfigurationList;
			buildConfigurations = (
				E66E5FB11AF9A9F800E514D1 /* Local */,
				E66E5FB61AF9AA0700E514D1 /* Develop */,
				E65525561AEAD02E0011786A /* Release */,
			);
			defaultConfigurationIsVisible = 0;
			defaultConfigurationName = Release;
		};
		E65525571AEAD02E0011786A /* Build configuration list for PBXNativeTarget "HyperMediaAD" */ = {
			isa = XCConfigurationList;
			buildConfigurations = (
				E66E5FB21AF9A9F800E514D1 /* Local */,
				E66E5FB71AF9AA0700E514D1 /* Develop */,
				E65525591AEAD02E0011786A /* Release */,
			);
			defaultConfigurationIsVisible = 0;
			defaultConfigurationName = Release;
		};
		E655255A1AEAD02E0011786A /* Build configuration list for PBXNativeTarget "HyperMediaADTests" */ = {
			isa = XCConfigurationList;
			buildConfigurations = (
				E66E5FB31AF9A9F800E514D1 /* Local */,
				E66E5FB81AF9AA0700E514D1 /* Develop */,
				E655255C1AEAD02E0011786A /* Release */,
			);
			defaultConfigurationIsVisible = 0;
			defaultConfigurationName = Release;
		};
/* End XCConfigurationList section */

/* Begin XCVersionGroup section */
		E62B9D8C1B055B680086EEC2 /* HMAModel.xcdatamodeld */ = {
			isa = XCVersionGroup;
			children = (
				E62B9D8D1B055B680086EEC2 /* HMAModel.xcdatamodel */,
			);
			currentVersion = E62B9D8D1B055B680086EEC2 /* HMAModel.xcdatamodel */;
			path = HMAModel.xcdatamodeld;
			sourceTree = "<group>";
			versionGroupType = wrapper.xcdatamodel;
		};
/* End XCVersionGroup section */
	};
	rootObject = E65525301AEAD02D0011786A /* Project object */;
}
